
Microsoft Visual Studio Solution File, Format Version 12.00
# Visual Studio 14
VisualStudioVersion = 14.0.23107.0
MinimumVisualStudioVersion = 10.0.40219.1
Project("{FAE04EC0-301F-11D3-BF4B-00C04F79EFBC}") = "QueueLibrary", "QueueLibrary\QueueLibrary.csproj", "{69C440BC-7CDD-4A1A-8EB9-3ADFD6D5735A}"
EndProject
Project("{FAE04EC0-301F-11D3-BF4B-00C04F79EFBC}") = "CustomQueueConsole", "CustomQueueConsole\CustomQueueConsole.csproj", "{363D45BB-A1E6-42CC-96D9-B9EE9E2D6EE8}"
EndProject
Global
	GlobalSection(SolutionConfigurationPlatforms) = preSolution
		Debug|Any CPU = Debug|Any CPU
		Release|Any CPU = Release|Any CPU
	EndGlobalSection
	GlobalSection(ProjectConfigurationPlatforms) = postSolution
		{69C440BC-7CDD-4A1A-8EB9-3ADFD6D5735A}.Debug|Any CPU.ActiveCfg = Debug|Any CPU
		{69C440BC-7CDD-4A1A-8EB9-3ADFD6D5735A}.Debug|Any CPU.Build.0 = Debug|Any CPU
		{69C440BC-7CDD-4A1A-8EB9-3ADFD6D5735A}.Release|Any CPU.ActiveCfg = Release|Any CPU
		{69C440BC-7CDD-4A1A-8EB9-3ADFD6D5735A}.Release|Any CPU.Build.0 = Release|Any CPU
		{363D45BB-A1E6-42CC-96D9-B9EE9E2D6EE8}.Debug|Any CPU.ActiveCfg = Debug|Any CPU
		{363D45BB-A1E6-42CC-96D9-B9EE9E2D6EE8}.Debug|Any CPU.Build.0 = Debug|Any CPU
		{363D45BB-A1E6-42CC-96D9-B9EE9E2D6EE8}.Release|Any CPU.ActiveCfg = Release|Any CPU
		{363D45BB-A1E6-42CC-96D9-B9EE9E2D6EE8}.Release|Any CPU.Build.0 = Release|Any CPU
	EndGlobalSection
	GlobalSection(SolutionProperties) = preSolution
		HideSolutionNode = FALSE
	EndGlobalSection
EndGlobal
