
Microsoft Visual Studio Solution File, Format Version 12.00
# Visual Studio 14
VisualStudioVersion = 14.0.23107.0
MinimumVisualStudioVersion = 10.0.40219.1
Project("{FAE04EC0-301F-11D3-BF4B-00C04F79EFBC}") = "BinarySearch", "BinarySearch\BinarySearch.csproj", "{4D805197-29E6-4822-8DB9-96B0E26021F6}"
EndProject
Project("{FAE04EC0-301F-11D3-BF4B-00C04F79EFBC}") = "BinarySearchConsole", "BinarySearchConsole\BinarySearchConsole.csproj", "{6416747A-AF05-4103-A907-A4155F57D325}"
EndProject
Global
	GlobalSection(SolutionConfigurationPlatforms) = preSolution
		Debug|Any CPU = Debug|Any CPU
		Release|Any CPU = Release|Any CPU
	EndGlobalSection
	GlobalSection(ProjectConfigurationPlatforms) = postSolution
		{4D805197-29E6-4822-8DB9-96B0E26021F6}.Debug|Any CPU.ActiveCfg = Debug|Any CPU
		{4D805197-29E6-4822-8DB9-96B0E26021F6}.Debug|Any CPU.Build.0 = Debug|Any CPU
		{4D805197-29E6-4822-8DB9-96B0E26021F6}.Release|Any CPU.ActiveCfg = Release|Any CPU
		{4D805197-29E6-4822-8DB9-96B0E26021F6}.Release|Any CPU.Build.0 = Release|Any CPU
		{6416747A-AF05-4103-A907-A4155F57D325}.Debug|Any CPU.ActiveCfg = Debug|Any CPU
		{6416747A-AF05-4103-A907-A4155F57D325}.Debug|Any CPU.Build.0 = Debug|Any CPU
		{6416747A-AF05-4103-A907-A4155F57D325}.Release|Any CPU.ActiveCfg = Release|Any CPU
		{6416747A-AF05-4103-A907-A4155F57D325}.Release|Any CPU.Build.0 = Release|Any CPU
	EndGlobalSection
	GlobalSection(SolutionProperties) = preSolution
		HideSolutionNode = FALSE
	EndGlobalSection
EndGlobal
